dependencies:
- name: common
  repository: oci://registry-1.docker.io/bitnamicharts
  version: 2.26.0
- name: redis
  repository: oci://registry-1.docker.io/bitnamicharts
  version: 20.2.1
- name: nectarlib
  repository: oci://registry.rc.nectar.org.au/nectar-helm
  version: 1.7.8
digest: sha256:b0e742ef1a8f863b7857c4e96a610b14dc66434e49f33445ffc4f4a3c73fcce4
generated: "2024-10-21T03:05:03.587479165Z"
