dependencies:
- name: common
  repository: oci://registry-1.docker.io/bitnamicharts
  version: 2.30.0
- name: redis
  repository: oci://registry-1.docker.io/bitnamicharts
  version: 20.11.3
- name: nectarlib
  repository: oci://registry.rc.nectar.org.au/nectar-helm
  version: 3.0.2
digest: sha256:30e63744957d48c492dc05dd2fc869e58de407115c1158e27bcf775ea8d9f187
generated: "2025-03-19T03:06:00.434747888Z"
